
Microsoft Visual Studio Solution File, Format Version 12.00
# Visual Studio 14
VisualStudioVersion = 14.0.25420.1
MinimumVisualStudioVersion = 10.0.40219.1
Project("{FAE04EC0-301F-11D3-BF4B-00C04F79EFBC}") = "Sales.Models", "Sales.Models\Sales.Models.csproj", "{ED618F07-6159-4E12-BF2C-9BD5DFD0E0AE}"
EndProject
Project("{FAE04EC0-301F-11D3-BF4B-00C04F79EFBC}") = "Sales.Data", "Sales.Data\Sales.Data.csproj", "{7F768C72-09E8-4045-AC0F-DDEA3756C9F5}"
EndProject
Project("{FAE04EC0-301F-11D3-BF4B-00C04F79EFBC}") = "Sales.ConsoleClient", "Sales.ConsoleClient\Sales.ConsoleClient.csproj", "{809F538F-C30C-4D4D-A361-37C0CBC35E6E}"
EndProject
Global
	GlobalSection(SolutionConfigurationPlatforms) = preSolution
		Debug|Any CPU = Debug|Any CPU
		Release|Any CPU = Release|Any CPU
	EndGlobalSection
	GlobalSection(ProjectConfigurationPlatforms) = postSolution
		{ED618F07-6159-4E12-BF2C-9BD5DFD0E0AE}.Debug|Any CPU.ActiveCfg = Debug|Any CPU
		{ED618F07-6159-4E12-BF2C-9BD5DFD0E0AE}.Debug|Any CPU.Build.0 = Debug|Any CPU
		{ED618F07-6159-4E12-BF2C-9BD5DFD0E0AE}.Release|Any CPU.ActiveCfg = Release|Any CPU
		{ED618F07-6159-4E12-BF2C-9BD5DFD0E0AE}.Release|Any CPU.Build.0 = Release|Any CPU
		{7F768C72-09E8-4045-AC0F-DDEA3756C9F5}.Debug|Any CPU.ActiveCfg = Debug|Any CPU
		{7F768C72-09E8-4045-AC0F-DDEA3756C9F5}.Debug|Any CPU.Build.0 = Debug|Any CPU
		{7F768C72-09E8-4045-AC0F-DDEA3756C9F5}.Release|Any CPU.ActiveCfg = Release|Any CPU
		{7F768C72-09E8-4045-AC0F-DDEA3756C9F5}.Release|Any CPU.Build.0 = Release|Any CPU
		{809F538F-C30C-4D4D-A361-37C0CBC35E6E}.Debug|Any CPU.ActiveCfg = Debug|Any CPU
		{809F538F-C30C-4D4D-A361-37C0CBC35E6E}.Debug|Any CPU.Build.0 = Debug|Any CPU
		{809F538F-C30C-4D4D-A361-37C0CBC35E6E}.Release|Any CPU.ActiveCfg = Release|Any CPU
		{809F538F-C30C-4D4D-A361-37C0CBC35E6E}.Release|Any CPU.Build.0 = Release|Any CPU
	EndGlobalSection
	GlobalSection(SolutionProperties) = preSolution
		HideSolutionNode = FALSE
	EndGlobalSection
EndGlobal
