
Microsoft Visual Studio Solution File, Format Version 12.00
# Visual Studio 14
VisualStudioVersion = 14.0.25420.1
MinimumVisualStudioVersion = 10.0.40219.1
Project("{FAE04EC0-301F-11D3-BF4B-00C04F79EFBC}") = "StudentSystem.Models", "StudentSystem.Models\StudentSystem.Models.csproj", "{C4A75BAD-72AF-475A-9EAB-0ADB201EE998}"
EndProject
Project("{FAE04EC0-301F-11D3-BF4B-00C04F79EFBC}") = "StudentSystem.Data", "StudentSystem.Data\StudentSystem.Data.csproj", "{863C7DB5-68F2-4E9D-8CBF-2BF841497E64}"
EndProject
Project("{FAE04EC0-301F-11D3-BF4B-00C04F79EFBC}") = "StudentSystem.ConsoleClient", "StudentSystem.ConsoleClient\StudentSystem.ConsoleClient.csproj", "{CFD7DA5B-F7C4-42C1-9284-BF3E365186D3}"
EndProject
Global
	GlobalSection(SolutionConfigurationPlatforms) = preSolution
		Debug|Any CPU = Debug|Any CPU
		Release|Any CPU = Release|Any CPU
	EndGlobalSection
	GlobalSection(ProjectConfigurationPlatforms) = postSolution
		{C4A75BAD-72AF-475A-9EAB-0ADB201EE998}.Debug|Any CPU.ActiveCfg = Debug|Any CPU
		{C4A75BAD-72AF-475A-9EAB-0ADB201EE998}.Debug|Any CPU.Build.0 = Debug|Any CPU
		{C4A75BAD-72AF-475A-9EAB-0ADB201EE998}.Release|Any CPU.ActiveCfg = Release|Any CPU
		{C4A75BAD-72AF-475A-9EAB-0ADB201EE998}.Release|Any CPU.Build.0 = Release|Any CPU
		{863C7DB5-68F2-4E9D-8CBF-2BF841497E64}.Debug|Any CPU.ActiveCfg = Debug|Any CPU
		{863C7DB5-68F2-4E9D-8CBF-2BF841497E64}.Debug|Any CPU.Build.0 = Debug|Any CPU
		{863C7DB5-68F2-4E9D-8CBF-2BF841497E64}.Release|Any CPU.ActiveCfg = Release|Any CPU
		{863C7DB5-68F2-4E9D-8CBF-2BF841497E64}.Release|Any CPU.Build.0 = Release|Any CPU
		{CFD7DA5B-F7C4-42C1-9284-BF3E365186D3}.Debug|Any CPU.ActiveCfg = Debug|Any CPU
		{CFD7DA5B-F7C4-42C1-9284-BF3E365186D3}.Debug|Any CPU.Build.0 = Debug|Any CPU
		{CFD7DA5B-F7C4-42C1-9284-BF3E365186D3}.Release|Any CPU.ActiveCfg = Release|Any CPU
		{CFD7DA5B-F7C4-42C1-9284-BF3E365186D3}.Release|Any CPU.Build.0 = Release|Any CPU
	EndGlobalSection
	GlobalSection(SolutionProperties) = preSolution
		HideSolutionNode = FALSE
	EndGlobalSection
EndGlobal
